{
    "_meta": {
        "hash": {
            "sha256": "2d92028f2f5e9406e5af976019cbbfe452d1236efcecd67a488a45316228c10f"
        },
        "pipfile-spec": 6,
        "requires": {
            "python_version": "3.7"
        },
        "sources": [
            {
                "name": "pypi",
                "url": "https://pypi.org/simple",
                "verify_ssl": true
            }
        ]
    },
    "default": {
        "ask-sdk": {
            "hashes": [
                "sha256:5267eeb8d24dca20bd29be0adc8d26ce4c46ac8b0795a19b0000d6681a1f6925",
                "sha256:f14c2023d48965864565901e66b28b6aadf333c7de329ce4564b43e54615facb"
            ],
            "index": "pypi",
            "version": "==1.11.0"
        },
        "ask-sdk-core": {
            "hashes": [
                "sha256:0f07095a8fa63796b3722ffc7fbeebd1ae15e458bf46985e34831f75a1a2b92d",
                "sha256:a3aedf1083b7aa83a2dda76fc944d6801bbced7cf1a41c70a750c7097361d065"
            ],
            "version": "==1.15.0"
        },
        "ask-sdk-dynamodb-persistence-adapter": {
            "hashes": [
                "sha256:1eaced23e1992d4f5c150b2aa2aa0e5171b004a379d187047168187ff493f6c0",
                "sha256:96f4592c81f267abc503fa536a2acb96a7339167805800a41eb8b3eb5e1e7121"
            ],
            "version": "==1.15.0"
        },
        "ask-sdk-model": {
            "hashes": [
                "sha256:9c886cd8bbbf522c5edc32552b9ab857c8b7c164d687eb623207e6dcc38c2c24",
                "sha256:c0edd927a423113d45fe2a18727e38d9633fd37964feeed36740c3df09ebca1a"
            ],
            "version": "==1.30.1"
        },
        "ask-sdk-runtime": {
            "hashes": [
                "sha256:1fe636ac6b6818d123511667a4151e1c396ec2747a7851ad10cf33db2a128e0c",
                "sha256:6b3f1ea45620c7db60a98252588947042dd2cca278b60abd4cc3849524187f5e"
            ],
            "version": "==1.15.0"
        },
        "boto3": {
            "hashes": [
                "sha256:d856a71d74351649ca8dd59ad17c8c3e79ea57734ff4a38a97611e1e10b06863",
                "sha256:da1b2c884dbf56cc3ece07940a7b654f41a93b9fc40ee1ed21a76da25a05989c"
            ],
            "version": "==1.17.62"
        },
        "botocore": {
            "hashes": [
                "sha256:e4f8cb923edf035c2ae5f6169c70e77e31df70b88919b92b826a6b9bd14511b1",
                "sha256:f7c2c5c5ed5212b2628d8fb1c587b31c6e8d413ecbbd1a1cdf6f96ed6f5c8d5e"
            ],
            "version": "==1.20.62"
        },
        "certifi": {
            "hashes": [
                "sha256:1a4995114262bffbc2413b159f2a1a480c969de6e6eb13ee966d470af86af59c",
                "sha256:719a74fb9e33b9bd44cc7f3a8d94bc35e4049deebe19ba7d8e108280cfd59830"
            ],
            "version": "==2020.12.5"
        },
        "chardet": {
            "hashes": [
                "sha256:0d6f53a15db4120f2b08c94f11e7d93d2c911ee118b6b30a04ec3ee8310179fa",
                "sha256:f864054d66fd9118f2e67044ac8981a54775ec5b67aed0441892edb553d21da5"
            ],
            "version": "==4.0.0"
        },
        "gtfs-realtime-bindings": {
            "hashes": [
                "sha256:6bbb8341d72ccacd04b9efe1e547682aeb2c2abd3d1d00f08d3294bbaef37034"
            ],
            "index": "pypi",
            "version": "==0.0.6"
        },
        "idna": {
            "hashes": [
                "sha256:b307872f855b18632ce0c21c5e45be78c0ea7ae4c15c828c20788b26921eb3f6",
                "sha256:b97d804b1e9b523befed77c48dacec60e6dcb0b5391d57af6a65a312a90648c0"
            ],
            "version": "==2.10"
        },
        "jmespath": {
            "hashes": [
                "sha256:b85d0567b8666149a93172712e68920734333c0ce7e89b78b3e987f71e5ed4f9",
                "sha256:cdf6525904cc597730141d61b36f2e4b8ecc257c420fa2f4549bac2c2d0cb72f"
            ],
            "version": "==0.10.0"
        },
        "protobuf": {
            "hashes": [
                "sha256:0277f62b1e42210cafe79a71628c1d553348da81cbd553402a7f7549c50b11d0",
                "sha256:07eec4e2ccbc74e95bb9b3afe7da67957947ee95bdac2b2e91b038b832dd71f0",
                "sha256:1c0e9e56202b9dccbc094353285a252e2b7940b74fdf75f1b4e1b137833fabd7",
                "sha256:1f0b5d156c3df08cc54bc2c8b8b875648ea4cd7ebb2a9a130669f7547ec3488c",
                "sha256:2dc0e8a9e4962207bdc46a365b63a3f1aca6f9681a5082a326c5837ef8f4b745",
                "sha256:3053f13207e7f13dc7be5e9071b59b02020172f09f648e85dc77e3fcb50d1044",
                "sha256:4a054b0b5900b7ea7014099e783fb8c4618e4209fffcd6050857517b3f156e18",
                "sha256:510e66491f1a5ac5953c908aa8300ec47f793130097e4557482803b187a8ee05",
                "sha256:5ff9fa0e67fcab442af9bc8d4ec3f82cb2ff3be0af62dba047ed4187f0088b7d",
                "sha256:90270fe5732c1f1ff664a3bd7123a16456d69b4e66a09a139a00443a32f210b8",
                "sha256:a0a08c6b2e6d6c74a6eb5bf6184968eefb1569279e78714e239d33126e753403",
                "sha256:c5566f956a26cda3abdfacc0ca2e21db6c9f3d18f47d8d4751f2209d6c1a5297",
                "sha256:dab75b56a12b1ceb3e40808b5bd9dfdaef3a1330251956e6744e5b6ed8f8830b",
                "sha256:efa4c4d4fc9ba734e5e85eaced70e1b63fb3c8d08482d839eb838566346f1737",
                "sha256:f17b352d7ce33c81773cf81d536ca70849de6f73c96413f17309f4b43ae7040b",
                "sha256:f42c2f5fb67da5905bfc03733a311f72fa309252bcd77c32d1462a1ad519521e",
                "sha256:f6077db37bfa16494dca58a4a02bfdacd87662247ad6bc1f7f8d13ff3f0013e1",
                "sha256:f80afc0a0ba13339bbab25ca0409e9e2836b12bb012364c06e97c2df250c3343",
                "sha256:f9cadaaa4065d5dd4d15245c3b68b967b3652a3108e77f292b58b8c35114b56c",
                "sha256:fad4f971ec38d8df7f4b632c819bf9bbf4f57cfd7312cf526c69ce17ef32436a"
            ],
            "version": "==3.15.8"
        },
        "python-dateutil": {
            "hashes": [
                "sha256:73ebfe9dbf22e832286dafa60473e4cd239f8592f699aa5adaf10050e6e1823c",
                "sha256:75bb3f31ea686f1197762692a9ee6a7550b59fc6ca3a1f4b5d7e32fb98e2da2a"
            ],
            "version": "==2.8.1"
        },
        "requests": {
            "hashes": [
                "sha256:27973dd4a904a4f13b263a19c866c13b92a39ed1c964655f025f3f8d3d75b804",
                "sha256:c210084e36a42ae6b9219e00e48287def368a26d03a048ddad7bfee44f75871e"
            ],
            "version": "==2.25.1"
        },
        "s3transfer": {
            "hashes": [
                "sha256:9b3752887a2880690ce628bc263d6d13a3864083aeacff4890c1c9839a5eb0bc",
                "sha256:cb022f4b16551edebbb31a377d3f09600dbada7363d8c5db7976e7f47732e1b2"
            ],
            "version": "==0.4.2"
        },
        "six": {
            "hashes": [
                "sha256:30639c035cdb23534cd4aa2dd52c3bf48f06e5f4a941509c8bafd8ce11080259",
                "sha256:8b74bedcbbbaca38ff6d7491d76f2b06b3592611af620f8426e82dddb04a5ced"
            ],
            "version": "==1.15.0"
        },
        "urllib3": {
            "hashes": [
                "sha256:2f3db8b19923a873b3e5256dc9c2dedfa883e33d87c690d9c7913e1f40673cdc",
                "sha256:87716c2d2a7121198ebcb7ce7cccf6ce5e9ba539041cfbaeecfb641dc0bf6acc"
            ],
            "index": "pypi",
            "version": "==1.25.8"
        }
    },
    "develop": {}
}
